// !$*UTF8*$!
{
	archiveVersion = 1;
	classes = {
	};
	objectVersion = 46;
	objects = {

/* Begin PBXBuildFile section */
		1D9030AA190703370046B380 /* Foundation.framework in Frameworks */ = {isa = PBXBuildFile; fileRef = 1D9030A9190703370046B380 /* Foundation.framework */; };
		1D9030AC190703370046B380 /* CoreGraphics.framework in Frameworks */ = {isa = PBXBuildFile; fileRef = 1D9030AB190703370046B380 /* CoreGraphics.framework */; };
		1D9030AE190703370046B380 /* UIKit.framework in Frameworks */ = {isa = PBXBuildFile; fileRef = 1D9030AD190703370046B380 /* UIKit.framework */; };
		1D9030B4190703370046B380 /* InfoPlist.strings in Resources */ = {isa = PBXBuildFile; fileRef = 1D9030B2190703370046B380 /* InfoPlist.strings */; };
		1D9030B6190703370046B380 /* main.m in Sources */ = {isa = PBXBuildFile; fileRef = 1D9030B5190703370046B380 /* main.m */; };
		1D9030BA190703370046B380 /* RSLAppDelegate.m in Sources */ = {isa = PBXBuildFile; fileRef = 1D9030B9190703370046B380 /* RSLAppDelegate.m */; };
		1D9030BC190703370046B380 /* Images.xcassets in Resources */ = {isa = PBXBuildFile; fileRef = 1D9030BB190703370046B380 /* Images.xcassets */; };
		1D9030C3190703370046B380 /* XCTest.framework in Frameworks */ = {isa = PBXBuildFile; fileRef = 1D9030C2190703370046B380 /* XCTest.framework */; };
		1D9030C4190703370046B380 /* Foundation.framework in Frameworks */ = {isa = PBXBuildFile; fileRef = 1D9030A9190703370046B380 /* Foundation.framework */; };
		1D9030C5190703370046B380 /* UIKit.framework in Frameworks */ = {isa = PBXBuildFile; fileRef = 1D9030AD190703370046B380 /* UIKit.framework */; };
		1D9030CD190703370046B380 /* InfoPlist.strings in Resources */ = {isa = PBXBuildFile; fileRef = 1D9030CB190703370046B380 /* InfoPlist.strings */; };
		1D9030CF190703370046B380 /* SoundNotesTests.m in Sources */ = {isa = PBXBuildFile; fileRef = 1D9030CE190703370046B380 /* SoundNotesTests.m */; };
		1D9030D9190705C60046B380 /* Main.storyboard in Resources */ = {isa = PBXBuildFile; fileRef = 1D9030D8190705C60046B380 /* Main.storyboard */; };
/* End PBXBuildFile section */

/* Begin PBXContainerItemProxy section */
		1D9030C6190703370046B380 /* PBXContainerItemProxy */ = {
			isa = PBXContainerItemProxy;
			containerPortal = 1D90309E190703370046B380 /* Project object */;
			proxyType = 1;
			remoteGlobalIDString = 1D9030A5190703370046B380;
			remoteInfo = SoundNotes;
		};
/* End PBXContainerItemProxy section */

/* Begin PBXFileReference section */
		1D9030A6190703370046B380 /* SoundNotes.app */ = {isa = PBXFileReference; explicitFileType = wrapper.application; includeInIndex = 0; path = SoundNotes.app; sourceTree = BUILT_PRODUCTS_DIR; };
		1D9030A9190703370046B380 /* Foundation.framework */ = {isa = PBXFileReference; lastKnownFileType = wrapper.framework; name = Foundation.framework; path = System/Library/Frameworks/Foundation.framework; sourceTree = SDKROOT; };
		1D9030AB190703370046B380 /* CoreGraphics.framework */ = {isa = PBXFileReference; lastKnownFileType = wrapper.framework; name = CoreGraphics.framework; path = System/Library/Frameworks/CoreGraphics.framework; sourceTree = SDKROOT; };
		1D9030AD190703370046B380 /* UIKit.framework */ = {isa = PBXFileReference; lastKnownFileType = wrapper.framework; name = UIKit.framework; path = System/Library/Frameworks/UIKit.framework; sourceTree = SDKROOT; };
		1D9030B1190703370046B380 /* SoundNotes-Info.plist */ = {isa = PBXFileReference; lastKnownFileType = text.plist.xml; path = "SoundNotes-Info.plist"; sourceTree = "<group>"; };
		1D9030B3190703370046B380 /* en */ = {isa = PBXFileReference; lastKnownFileType = text.plist.strings; name = en; path = en.lproj/InfoPlist.strings; sourceTree = "<group>"; };
		1D9030B5190703370046B380 /* main.m */ = {isa = PBXFileReference; lastKnownFileType = sourcecode.c.objc; path = main.m; sourceTree = "<group>"; };
		1D9030B7190703370046B380 /* SoundNotes-Prefix.pch */ = {isa = PBXFileReference; lastKnownFileType = sourcecode.c.h; path = "SoundNotes-Prefix.pch"; sourceTree = "<group>"; };
		1D9030B8190703370046B380 /* RSLAppDelegate.h */ = {isa = PBXFileReference; lastKnownFileType = sourcecode.c.h; path = RSLAppDelegate.h; sourceTree = "<group>"; };
		1D9030B9190703370046B380 /* RSLAppDelegate.m */ = {isa = PBXFileReference; lastKnownFileType = sourcecode.c.objc; path = RSLAppDelegate.m; sourceTree = "<group>"; };
		1D9030BB190703370046B380 /* Images.xcassets */ = {isa = PBXFileReference; lastKnownFileType = folder.assetcatalog; path = Images.xcassets; sourceTree = "<group>"; };
		1D9030C1190703370046B380 /* SoundNotesTests.xctest */ = {isa = PBXFileReference; explicitFileType = wrapper.cfbundle; includeInIndex = 0; path = SoundNotesTests.xctest; sourceTree = BUILT_PRODUCTS_DIR; };
		1D9030C2190703370046B380 /* XCTest.framework */ = {isa = PBXFileReference; lastKnownFileType = wrapper.framework; name = XCTest.framework; path = Library/Frameworks/XCTest.framework; sourceTree = DEVELOPER_DIR; };
		1D9030CA190703370046B380 /* SoundNotesTests-Info.plist */ = {isa = PBXFileReference; lastKnownFileType = text.plist.xml; path = "SoundNotesTests-Info.plist"; sourceTree = "<group>"; };
		1D9030CC190703370046B380 /* en */ = {isa = PBXFileReference; lastKnownFileType = text.plist.strings; name = en; path = en.lproj/InfoPlist.strings; sourceTree = "<group>"; };
		1D9030CE190703370046B380 /* SoundNotesTests.m */ = {isa = PBXFileReference; lastKnownFileType = sourcecode.c.objc; path = SoundNotesTests.m; sourceTree = "<group>"; };
		1D9030D8190705C60046B380 /* Main.storyboard */ = {isa = PBXFileReference; fileEncoding = 4; lastKnownFileType = file.storyboard; path = Main.storyboard; sourceTree = "<group>"; };
/* End PBXFileReference section */

/* Begin PBXFrameworksBuildPhase section */
		1D9030A3190703370046B380 /* Frameworks */ = {
			isa = PBXFrameworksBuildPhase;
			buildActionMask = 2147483647;
			files = (
				1D9030AC190703370046B380 /* CoreGraphics.framework in Frameworks */,
				1D9030AE190703370046B380 /* UIKit.framework in Frameworks */,
				1D9030AA190703370046B380 /* Foundation.framework in Frameworks */,
			);
			runOnlyForDeploymentPostprocessing = 0;
		};
		1D9030BE190703370046B380 /* Frameworks */ = {
			isa = PBXFrameworksBuildPhase;
			buildActionMask = 2147483647;
			files = (
				1D9030C3190703370046B380 /* XCTest.framework in Frameworks */,
				1D9030C5190703370046B380 /* UIKit.framework in Frameworks */,
				1D9030C4190703370046B380 /* Foundation.framework in Frameworks */,
			);
			runOnlyForDeploymentPostprocessing = 0;
		};
/* End PBXFrameworksBuildPhase section */

/* Begin PBXGroup section */
		1D90309D190703370046B380 = {
			isa = PBXGroup;
			children = (
				1D9030AF190703370046B380 /* SoundNotes */,
				1D9030C8190703370046B380 /* SoundNotesTests */,
				1D9030A8190703370046B380 /* Frameworks */,
				1D9030A7190703370046B380 /* Products */,
			);
			sourceTree = "<group>";
		};
		1D9030A7190703370046B380 /* Products */ = {
			isa = PBXGroup;
			children = (
				1D9030A6190703370046B380 /* SoundNotes.app */,
				1D9030C1190703370046B380 /* SoundNotesTests.xctest */,
			);
			name = Products;
			sourceTree = "<group>";
		};
		1D9030A8190703370046B380 /* Frameworks */ = {
			isa = PBXGroup;
			children = (
				1D9030A9190703370046B380 /* Foundation.framework */,
				1D9030AB190703370046B380 /* CoreGraphics.framework */,
				1D9030AD190703370046B380 /* UIKit.framework */,
				1D9030C2190703370046B380 /* XCTest.framework */,
			);
			name = Frameworks;
			sourceTree = "<group>";
		};
		1D9030AF190703370046B380 /* SoundNotes */ = {
			isa = PBXGroup;
			children = (
				1D9030B8190703370046B380 /* RSLAppDelegate.h */,
				1D9030B9190703370046B380 /* RSLAppDelegate.m */,
				1D9030BB190703370046B380 /* Images.xcassets */,
				1D9030D8190705C60046B380 /* Main.storyboard */,
				1D9030B0190703370046B380 /* Supporting Files */,
			);
			path = SoundNotes;
			sourceTree = "<group>";
		};
		1D9030B0190703370046B380 /* Supporting Files */ = {
			isa = PBXGroup;
			children = (
				1D9030B1190703370046B380 /* SoundNotes-Info.plist */,
				1D9030B2190703370046B380 /* InfoPlist.strings */,
				1D9030B5190703370046B380 /* main.m */,
				1D9030B7190703370046B380 /* SoundNotes-Prefix.pch */,
			);
			name = "Supporting Files";
			sourceTree = "<group>";
		};
		1D9030C8190703370046B380 /* SoundNotesTests */ = {
			isa = PBXGroup;
			children = (
				1D9030CE190703370046B380 /* SoundNotesTests.m */,
				1D9030C9190703370046B380 /* Supporting Files */,
			);
			path = SoundNotesTests;
			sourceTree = "<group>";
		};
		1D9030C9190703370046B380 /* Supporting Files */ = {
			isa = PBXGroup;
			children = (
				1D9030CA190703370046B380 /* SoundNotesTests-Info.plist */,
				1D9030CB190703370046B380 /* InfoPlist.strings */,
			);
			name = "Supporting Files";
			sourceTree = "<group>";
		};
/* End PBXGroup section */

/* Begin PBXNativeTarget section */
		1D9030A5190703370046B380 /* SoundNotes */ = {
			isa = PBXNativeTarget;
			buildConfigurationList = 1D9030D2190703370046B380 /* Build configuration list for PBXNativeTarget "SoundNotes" */;
			buildPhases = (
				1D9030A2190703370046B380 /* Sources */,
				1D9030A3190703370046B380 /* Frameworks */,
				1D9030A4190703370046B380 /* Resources */,
			);
			buildRules = (
			);
			dependencies = (
			);
			name = SoundNotes;
			productName = SoundNotes;
			productReference = 1D9030A6190703370046B380 /* SoundNotes.app */;
			productType = "com.apple.product-type.application";
		};
		1D9030C0190703370046B380 /* SoundNotesTests */ = {
			isa = PBXNativeTarget;
			buildConfigurationList = 1D9030D5190703370046B380 /* Build configuration list for PBXNativeTarget "SoundNotesTests" */;
			buildPhases = (
				1D9030BD190703370046B380 /* Sources */,
				1D9030BE190703370046B380 /* Frameworks */,
				1D9030BF190703370046B380 /* Resources */,
			);
			buildRules = (
			);
			dependencies = (
				1D9030C7190703370046B380 /* PBXTargetDependency */,
			);
			name = SoundNotesTests;
			productName = SoundNotesTests;
			productReference = 1D9030C1190703370046B380 /* SoundNotesTests.xctest */;
			productType = "com.apple.product-type.bundle.unit-test";
		};
/* End PBXNativeTarget section */

/* Begin PBXProject section */
		1D90309E190703370046B380 /* Project object */ = {
			isa = PBXProject;
			attributes = {
				CLASSPREFIX = RSL;
				LastUpgradeCheck = 0510;
				ORGANIZATIONNAME = "Rick Slot";
				TargetAttributes = {
					1D9030C0190703370046B380 = {
						TestTargetID = 1D9030A5190703370046B380;
					};
				};
			};
			buildConfigurationList = 1D9030A1190703370046B380 /* Build configuration list for PBXProject "SoundNotes" */;
			compatibilityVersion = "Xcode 3.2";
			developmentRegion = English;
			hasScannedForEncodings = 0;
			knownRegions = (
				en,
			);
			mainGroup = 1D90309D190703370046B380;
			productRefGroup = 1D9030A7190703370046B380 /* Products */;
			projectDirPath = "";
			projectRoot = "";
			targets = (
				1D9030A5190703370046B380 /* SoundNotes */,
				1D9030C0190703370046B380 /* SoundNotesTests */,
			);
		};
/* End PBXProject section */

/* Begin PBXResourcesBuildPhase section */
		1D9030A4190703370046B380 /* Resources */ = {
			isa = PBXResourcesBuildPhase;
			buildActionMask = 2147483647;
			files = (
				1D9030D9190705C60046B380 /* Main.storyboard in Resources */,
				1D9030B4190703370046B380 /* InfoPlist.strings in Resources */,
				1D9030BC190703370046B380 /* Images.xcassets in Resources */,
			);
			runOnlyForDeploymentPostprocessing = 0;
		};
		1D9030BF190703370046B380 /* Resources */ = {
			isa = PBXResourcesBuildPhase;
			buildActionMask = 2147483647;
			files = (
				1D9030CD190703370046B380 /* InfoPlist.strings in Resources */,
			);
			runOnlyForDeploymentPostprocessing = 0;
		};
/* End PBXResourcesBuildPhase section */

/* Begin PBXSourcesBuildPhase section */
		1D9030A2190703370046B380 /* Sources */ = {
			isa = PBXSourcesBuildPhase;
			buildActionMask = 2147483647;
			files = (
				1D9030BA190703370046B380 /* RSLAppDelegate.m in Sources */,
				1D9030B6190703370046B380 /* main.m in Sources */,
			);
			runOnlyForDeploymentPostprocessing = 0;
		};
		1D9030BD190703370046B380 /* Sources */ = {
			isa = PBXSourcesBuildPhase;
			buildActionMask = 2147483647;
			files = (
				1D9030CF190703370046B380 /* SoundNotesTests.m in Sources */,
			);
			runOnlyForDeploymentPostprocessing = 0;
		};
/* End PBXSourcesBuildPhase section */

/* Begin PBXTargetDependency section */
		1D9030C7190703370046B380 /* PBXTargetDependency */ = {
			isa = PBXTargetDependency;
			target = 1D9030A5190703370046B380 /* SoundNotes */;
			targetProxy = 1D9030C6190703370046B380 /* PBXContainerItemProxy */;
		};
/* End PBXTargetDependency section */

/* Begin PBXVariantGroup section */
		1D9030B2190703370046B380 /* InfoPlist.strings */ = {
			isa = PBXVariantGroup;
			children = (
				1D9030B3190703370046B380 /* en */,
			);
			name = InfoPlist.strings;
			sourceTree = "<group>";
		};
		1D9030CB190703370046B380 /* InfoPlist.strings */ = {
			isa = PBXVariantGroup;
			children = (
				1D9030CC190703370046B380 /* en */,
			);
			name = InfoPlist.strings;
			sourceTree = "<group>";
		};
/* End PBXVariantGroup section */

/* Begin XCBuildConfiguration section */
		1D9030D0190703370046B380 /* Debug */ = {
			isa = XCBuildConfiguration;
			buildSettings = {
				ALWAYS_SEARCH_USER_PATHS = NO;
				CLANG_CXX_LANGUAGE_STANDARD = "gnu++0x";
				CLANG_CXX_LIBRARY = "libc++";
				CLANG_ENABLE_MODULES = YES;
				CLANG_ENABLE_OBJC_ARC = YES;
				CLANG_WARN_BOOL_CONVERSION = YES;
				CLANG_WARN_CONSTANT_CONVERSION = YES;
				CLANG_WARN_DIRECT_OBJC_ISA_USAGE = YES_ERROR;
				CLANG_WARN_EMPTY_BODY = YES;
				CLANG_WARN_ENUM_CONVERSION = YES;
				CLANG_WARN_INT_CONVERSION = YES;
				CLANG_WARN_OBJC_ROOT_CLASS = YES_ERROR;
				CLANG_WARN__DUPLICATE_METHOD_MATCH = YES;
				"CODE_SIGN_IDENTITY[sdk=iphoneos*]" = "iPhone Developer";
				COPY_PHASE_STRIP = NO;
				GCC_C_LANGUAGE_STANDARD = gnu99;
				GCC_DYNAMIC_NO_PIC = NO;
				GCC_OPTIMIZATION_LEVEL = 0;
				GCC_PREPROCESSOR_DEFINITIONS = (
					"DEBUG=1",
					"$(inherited)",
				);
				GCC_SYMBOLS_PRIVATE_EXTERN = NO;
				GCC_WARN_64_TO_32_BIT_CONVERSION = YES;
				GCC_WARN_ABOUT_RETURN_TYPE = YES_ERROR;
				GCC_WARN_UNDECLARED_SELECTOR = YES;
				GCC_WARN_UNINITIALIZED_AUTOS = YES_AGGRESSIVE;
				GCC_WARN_UNUSED_FUNCTION = YES;
				GCC_WARN_UNUSED_VARIABLE = YES;
				IPHONEOS_DEPLOYMENT_TARGET = 7.1;
				ONLY_ACTIVE_ARCH = YES;
				SDKROOT = iphoneos;
			};
			name = Debug;
		};
		1D9030D1190703370046B380 /* Release */ = {
			isa = XCBuildConfiguration;
			buildSettings = {
				ALWAYS_SEARCH_USER_PATHS = NO;
				CLANG_CXX_LANGUAGE_STANDARD = "gnu++0x";
				CLANG_CXX_LIBRARY = "libc++";
				CLANG_ENABLE_MODULES = YES;
				CLANG_ENABLE_OBJC_ARC = YES;
				CLANG_WARN_BOOL_CONVERSION = YES;
				CLANG_WARN_CONSTANT_CONVERSION = YES;
				CLANG_WARN_DIRECT_OBJC_ISA_USAGE = YES_ERROR;
				CLANG_WARN_EMPTY_BODY = YES;
				CLANG_WARN_ENUM_CONVERSION = YES;
				CLANG_WARN_INT_CONVERSION = YES;
				CLANG_WARN_OBJC_ROOT_CLASS = YES_ERROR;
				CLANG_WARN__DUPLICATE_METHOD_MATCH = YES;
				"CODE_SIGN_IDENTITY[sdk=iphoneos*]" = "iPhone Developer";
				COPY_PHASE_STRIP = YES;
				ENABLE_NS_ASSERTIONS = NO;
				GCC_C_LANGUAGE_STANDARD = gnu99;
				GCC_WARN_64_TO_32_BIT_CONVERSION = YES;
				GCC_WARN_ABOUT_RETURN_TYPE = YES_ERROR;
				GCC_WARN_UNDECLARED_SELECTOR = YES;
				GCC_WARN_UNINITIALIZED_AUTOS = YES_AGGRESSIVE;
				GCC_WARN_UNUSED_FUNCTION = YES;
				GCC_WARN_UNUSED_VARIABLE = YES;
				IPHONEOS_DEPLOYMENT_TARGET = 7.1;
				SDKROOT = iphoneos;
				VALIDATE_PRODUCT = YES;
			};
			name = Release;
		};
		1D9030D3190703370046B380 /* Debug */ = {
			isa = XCBuildConfiguration;
			buildSettings = {
				ASSETCATALOG_COMPILER_APPICON_NAME = AppIcon;
				ASSETCATALOG_COMPILER_LAUNCHIMAGE_NAME = LaunchImage;
				GCC_PRECOMPILE_PREFIX_HEADER = YES;
				GCC_PREFIX_HEADER = "SoundNotes/SoundNotes-Prefix.pch";
				INFOPLIST_FILE = "SoundNotes/SoundNotes-Info.plist";
				PRODUCT_NAME = "$(TARGET_NAME)";
				WRAPPER_EXTENSION = app;
			};
			name = Debug;
		};
		1D9030D4190703370046B380 /* Release */ = {
			isa = XCBuildConfiguration;
			buildSettings = {
				ASSETCATALOG_COMPILER_APPICON_NAME = AppIcon;
				ASSETCATALOG_COMPILER_LAUNCHIMAGE_NAME = LaunchImage;
				GCC_PRECOMPILE_PREFIX_HEADER = YES;
				GCC_PREFIX_HEADER = "SoundNotes/SoundNotes-Prefix.pch";
				INFOPLIST_FILE = "SoundNotes/SoundNotes-Info.plist";
				PRODUCT_NAME = "$(TARGET_NAME)";
				WRAPPER_EXTENSION = app;
			};
			name = Release;
		};
		1D9030D6190703370046B380 /* Debug */ = {
			isa = XCBuildConfiguration;
			buildSettings = {
				BUNDLE_LOADER = "$(BUILT_PRODUCTS_DIR)/SoundNotes.app/SoundNotes";
				FRAMEWORK_SEARCH_PATHS = (
					"$(SDKROOT)/Developer/Library/Frameworks",
					"$(inherited)",
					"$(DEVELOPER_FRAMEWORKS_DIR)",
				);
				GCC_PRECOMPILE_PREFIX_HEADER = YES;
				GCC_PREFIX_HEADER = "SoundNotes/SoundNotes-Prefix.pch";
				GCC_PREPROCESSOR_DEFINITIONS = (
					"DEBUG=1",
					"$(inherited)",
				);
				INFOPLIST_FILE = "SoundNotesTests/SoundNotesTests-Info.plist";
				PRODUCT_NAME = "$(TARGET_NAME)";
				TEST_HOST = "$(BUNDLE_LOADER)";
				WRAPPER_EXTENSION = xctest;
			};
			name = Debug;
		};
		1D9030D7190703370046B380 /* Release */ = {
			isa = XCBuildConfiguration;
			buildSettings = {
				BUNDLE_LOADER = "$(BUILT_PRODUCTS_DIR)/SoundNotes.app/SoundNotes";
				FRAMEWORK_SEARCH_PATHS = (
					"$(SDKROOT)/Developer/Library/Frameworks",
					"$(inherited)",
					"$(DEVELOPER_FRAMEWORKS_DIR)",
				);
				GCC_PRECOMPILE_PREFIX_HEADER = YES;
				GCC_PREFIX_HEADER = "SoundNotes/SoundNotes-Prefix.pch";
				INFOPLIST_FILE = "SoundNotesTests/SoundNotesTests-Info.plist";
				PRODUCT_NAME = "$(TARGET_NAME)";
				TEST_HOST = "$(BUNDLE_LOADER)";
				WRAPPER_EXTENSION = xctest;
			};
			name = Release;
		};
/* End XCBuildConfiguration section */

/* Begin XCConfigurationList section */
		1D9030A1190703370046B380 /* Build configuration list for PBXProject "SoundNotes" */ = {
			isa = XCConfigurationList;
			buildConfigurations = (
				1D9030D0190703370046B380 /* Debug */,
				1D9030D1190703370046B380 /* Release */,
			);
			defaultConfigurationIsVisible = 0;
			defaultConfigurationName = Release;
		};
		1D9030D2190703370046B380 /* Build configuration list for PBXNativeTarget "SoundNotes" */ = {
			isa = XCConfigurationList;
			buildConfigurations = (
				1D9030D3190703370046B380 /* Debug */,
				1D9030D4190703370046B380 /* Release */,
			);
			defaultConfigurationIsVisible = 0;
		};
		1D9030D5190703370046B380 /* Build configuration list for PBXNativeTarget "SoundNotesTests" */ = {
			isa = XCConfigurationList;
			buildConfigurations = (
				1D9030D6190703370046B380 /* Debug */,
				1D9030D7190703370046B380 /* Release */,
			);
			defaultConfigurationIsVisible = 0;
		};
/* End XCConfigurationList section */
	};
	rootObject = 1D90309E190703370046B380 /* Project object */;
}
